
Microsoft Visual Studio Solution File, Format Version 12.00
# Visual Studio Version 17
VisualStudioVersion = 17.5.33424.131
MinimumVisualStudioVersion = 10.0.40219.1
Project("{FAE04EC0-301F-11D3-BF4B-00C04F79EFBC}") = "Logical", "Logical.csproj", "{C4270357-E48D-4802-9CE3-BF77796315C0}"
EndProject
Global
	GlobalSection(SolutionConfigurationPlatforms) = preSolution
		Debug|Any CPU = Debug|Any CPU
		Release|Any CPU = Release|Any CPU
	EndGlobalSection
	GlobalSection(ProjectConfigurationPlatforms) = postSolution
		{C4270357-E48D-4802-9CE3-BF77796315C0}.Debug|Any CPU.ActiveCfg = Debug|Any CPU
		{C4270357-E48D-4802-9CE3-BF77796315C0}.Debug|Any CPU.Build.0 = Debug|Any CPU
		{C4270357-E48D-4802-9CE3-BF77796315C0}.Release|Any CPU.ActiveCfg = Release|Any CPU
		{C4270357-E48D-4802-9CE3-BF77796315C0}.Release|Any CPU.Build.0 = Release|Any CPU
	EndGlobalSection
	GlobalSection(SolutionProperties) = preSolution
		HideSolutionNode = FALSE
	EndGlobalSection
	GlobalSection(ExtensibilityGlobals) = postSolution
		SolutionGuid = {17E0BEF0-64B2-4417-B23B-42C33EF66030}
	EndGlobalSection
EndGlobal
